// !$*UTF8*$!
{
	archiveVersion = 1;
	classes = {
	};
	objectVersion = 50;
	objects = {

/* Begin PBXBuildFile section */
		16176F5B23A41DB70000CD58 /* Assets.xcassets in Resources */ = {isa = PBXBuildFile; fileRef = 16176F5323A41DB70000CD58 /* Assets.xcassets */; };
		16176F5C23A41DB70000CD58 /* Proxima Nova Alt Bold.ttf in Resources */ = {isa = PBXBuildFile; fileRef = 16176F5523A41DB70000CD58 /* Proxima Nova Alt Bold.ttf */; };
		16176F5D23A41DB70000CD58 /* Proxima Nova Thin.ttf in Resources */ = {isa = PBXBuildFile; fileRef = 16176F5623A41DB70000CD58 /* Proxima Nova Thin.ttf */; };
		16176F5E23A41DB70000CD58 /* Proxima Nova Alt Regular.ttf in Resources */ = {isa = PBXBuildFile; fileRef = 16176F5723A41DB70000CD58 /* Proxima Nova Alt Regular.ttf */; };
		C0D199682396B9A5006303CB /* AppDelegate.swift in Sources */ = {isa = PBXBuildFile; fileRef = C0D199672396B9A5006303CB /* AppDelegate.swift */; };
		C0D1996A2396B9A5006303CB /* ViewController.swift in Sources */ = {isa = PBXBuildFile; fileRef = C0D199692396B9A5006303CB /* ViewController.swift */; };
		C0D1996F2396B9A6006303CB /* Main.storyboard in Resources */ = {isa = PBXBuildFile; fileRef = C0D1996D2396B9A6006303CB /* Main.storyboard */; };
		C0D1997B2396B9A6006303CB /* WordRollsTests.swift in Sources */ = {isa = PBXBuildFile; fileRef = C0D1997A2396B9A6006303CB /* WordRollsTests.swift */; };
		C0D199862396B9A6006303CB /* WordRollsUITests.swift in Sources */ = {isa = PBXBuildFile; fileRef = C0D199852396B9A6006303CB /* WordRollsUITests.swift */; };
/* End PBXBuildFile section */

/* Begin PBXContainerItemProxy section */
		C0D199772396B9A6006303CB /* PBXContainerItemProxy */ = {
			isa = PBXContainerItemProxy;
			containerPortal = C0D1995C2396B9A5006303CB /* Project object */;
			proxyType = 1;
			remoteGlobalIDString = C0D199632396B9A5006303CB;
			remoteInfo = WordRolls;
		};
		C0D199822396B9A6006303CB /* PBXContainerItemProxy */ = {
			isa = PBXContainerItemProxy;
			containerPortal = C0D1995C2396B9A5006303CB /* Project object */;
			proxyType = 1;
			remoteGlobalIDString = C0D199632396B9A5006303CB;
			remoteInfo = WordRolls;
		};
/* End PBXContainerItemProxy section */

/* Begin PBXFileReference section */
		16176F5323A41DB70000CD58 /* Assets.xcassets */ = {isa = PBXFileReference; lastKnownFileType = folder.assetcatalog; path = Assets.xcassets; sourceTree = "<group>"; };
		16176F5523A41DB70000CD58 /* Proxima Nova Alt Bold.ttf */ = {isa = PBXFileReference; lastKnownFileType = file; path = "Proxima Nova Alt Bold.ttf"; sourceTree = "<group>"; };
		16176F5623A41DB70000CD58 /* Proxima Nova Thin.ttf */ = {isa = PBXFileReference; lastKnownFileType = file; path = "Proxima Nova Thin.ttf"; sourceTree = "<group>"; };
		16176F5723A41DB70000CD58 /* Proxima Nova Alt Regular.ttf */ = {isa = PBXFileReference; lastKnownFileType = file; path = "Proxima Nova Alt Regular.ttf"; sourceTree = "<group>"; };
		16176F5923A41DB70000CD58 /* WordRolls.entitlements */ = {isa = PBXFileReference; fileEncoding = 4; lastKnownFileType = text.plist.entitlements; path = WordRolls.entitlements; sourceTree = "<group>"; };
		16176F5A23A41DB70000CD58 /* Info.plist */ = {isa = PBXFileReference; fileEncoding = 4; lastKnownFileType = text.plist.xml; path = Info.plist; sourceTree = "<group>"; };
		C0D199642396B9A5006303CB /* WordRolls.app */ = {isa = PBXFileReference; explicitFileType = wrapper.application; includeInIndex = 0; path = WordRolls.app; sourceTree = BUILT_PRODUCTS_DIR; };
		C0D199672396B9A5006303CB /* AppDelegate.swift */ = {isa = PBXFileReference; lastKnownFileType = sourcecode.swift; path = AppDelegate.swift; sourceTree = "<group>"; };
		C0D199692396B9A5006303CB /* ViewController.swift */ = {isa = PBXFileReference; lastKnownFileType = sourcecode.swift; path = ViewController.swift; sourceTree = "<group>"; };
		C0D1996E2396B9A6006303CB /* Base */ = {isa = PBXFileReference; lastKnownFileType = file.storyboard; name = Base; path = Base.lproj/Main.storyboard; sourceTree = "<group>"; };
		C0D199762396B9A6006303CB /* WordRollsTests.xctest */ = {isa = PBXFileReference; explicitFileType = wrapper.cfbundle; includeInIndex = 0; path = WordRollsTests.xctest; sourceTree = BUILT_PRODUCTS_DIR; };
		C0D1997A2396B9A6006303CB /* WordRollsTests.swift */ = {isa = PBXFileReference; lastKnownFileType = sourcecode.swift; path = WordRollsTests.swift; sourceTree = "<group>"; };
		C0D1997C2396B9A6006303CB /* Info.plist */ = {isa = PBXFileReference; lastKnownFileType = text.plist.xml; path = Info.plist; sourceTree = "<group>"; };
		C0D199812396B9A6006303CB /* WordRollsUITests.xctest */ = {isa = PBXFileReference; explicitFileType = wrapper.cfbundle; includeInIndex = 0; path = WordRollsUITests.xctest; sourceTree = BUILT_PRODUCTS_DIR; };
		C0D199852396B9A6006303CB /* WordRollsUITests.swift */ = {isa = PBXFileReference; lastKnownFileType = sourcecode.swift; path = WordRollsUITests.swift; sourceTree = "<group>"; };
		C0D199872396B9A6006303CB /* Info.plist */ = {isa = PBXFileReference; lastKnownFileType = text.plist.xml; path = Info.plist; sourceTree = "<group>"; };
/* End PBXFileReference section */

/* Begin PBXFrameworksBuildPhase section */
		C0D199612396B9A5006303CB /* Frameworks */ = {
			isa = PBXFrameworksBuildPhase;
			buildActionMask = 2147483647;
			files = (
			);
			runOnlyForDeploymentPostprocessing = 0;
		};
		C0D199732396B9A6006303CB /* Frameworks */ = {
			isa = PBXFrameworksBuildPhase;
			buildActionMask = 2147483647;
			files = (
			);
			runOnlyForDeploymentPostprocessing = 0;
		};
		C0D1997E2396B9A6006303CB /* Frameworks */ = {
			isa = PBXFrameworksBuildPhase;
			buildActionMask = 2147483647;
			files = (
			);
			runOnlyForDeploymentPostprocessing = 0;
		};
/* End PBXFrameworksBuildPhase section */

/* Begin PBXGroup section */
		16176F5223A41DB70000CD58 /* Resources */ = {
			isa = PBXGroup;
			children = (
				16176F5323A41DB70000CD58 /* Assets.xcassets */,
				16176F5423A41DB70000CD58 /* Fonts */,
			);
			path = Resources;
			sourceTree = "<group>";
		};
		16176F5423A41DB70000CD58 /* Fonts */ = {
			isa = PBXGroup;
			children = (
				16176F5523A41DB70000CD58 /* Proxima Nova Alt Bold.ttf */,
				16176F5623A41DB70000CD58 /* Proxima Nova Thin.ttf */,
				16176F5723A41DB70000CD58 /* Proxima Nova Alt Regular.ttf */,
			);
			path = Fonts;
			sourceTree = "<group>";
		};
		16176F5823A41DB70000CD58 /* Supporting Files */ = {
			isa = PBXGroup;
			children = (
				16176F5A23A41DB70000CD58 /* Info.plist */,
				16176F5923A41DB70000CD58 /* WordRolls.entitlements */,
			);
			path = "Supporting Files";
			sourceTree = "<group>";
		};
		C0D1995B2396B9A5006303CB = {
			isa = PBXGroup;
			children = (
				C0D199662396B9A5006303CB /* WordRolls */,
				C0D199792396B9A6006303CB /* WordRollsTests */,
				C0D199842396B9A6006303CB /* WordRollsUITests */,
				C0D199652396B9A5006303CB /* Products */,
			);
			sourceTree = "<group>";
		};
		C0D199652396B9A5006303CB /* Products */ = {
			isa = PBXGroup;
			children = (
				C0D199642396B9A5006303CB /* WordRolls.app */,
				C0D199762396B9A6006303CB /* WordRollsTests.xctest */,
				C0D199812396B9A6006303CB /* WordRollsUITests.xctest */,
			);
			name = Products;
			sourceTree = "<group>";
		};
		C0D199662396B9A5006303CB /* WordRolls */ = {
			isa = PBXGroup;
			children = (
				C0D199672396B9A5006303CB /* AppDelegate.swift */,
				C0D199692396B9A5006303CB /* ViewController.swift */,
				C0D1996D2396B9A6006303CB /* Main.storyboard */,
				16176F5223A41DB70000CD58 /* Resources */,
				16176F5823A41DB70000CD58 /* Supporting Files */,
			);
			path = WordRolls;
			sourceTree = "<group>";
		};
		C0D199792396B9A6006303CB /* WordRollsTests */ = {
			isa = PBXGroup;
			children = (
				C0D1997A2396B9A6006303CB /* WordRollsTests.swift */,
				C0D1997C2396B9A6006303CB /* Info.plist */,
			);
			path = WordRollsTests;
			sourceTree = "<group>";
		};
		C0D199842396B9A6006303CB /* WordRollsUITests */ = {
			isa = PBXGroup;
			children = (
				C0D199852396B9A6006303CB /* WordRollsUITests.swift */,
				C0D199872396B9A6006303CB /* Info.plist */,
			);
			path = WordRollsUITests;
			sourceTree = "<group>";
		};
/* End PBXGroup section */

/* Begin PBXNativeTarget section */
		C0D199632396B9A5006303CB /* WordRolls */ = {
			isa = PBXNativeTarget;
			buildConfigurationList = C0D1998A2396B9A6006303CB /* Build configuration list for PBXNativeTarget "WordRolls" */;
			buildPhases = (
				C0D199602396B9A5006303CB /* Sources */,
				C0D199612396B9A5006303CB /* Frameworks */,
				C0D199622396B9A5006303CB /* Resources */,
			);
			buildRules = (
			);
			dependencies = (
			);
			name = WordRolls;
			productName = WordRolls;
			productReference = C0D199642396B9A5006303CB /* WordRolls.app */;
			productType = "com.apple.product-type.application";
		};
		C0D199752396B9A6006303CB /* WordRollsTests */ = {
			isa = PBXNativeTarget;
			buildConfigurationList = C0D1998D2396B9A6006303CB /* Build configuration list for PBXNativeTarget "WordRollsTests" */;
			buildPhases = (
				C0D199722396B9A6006303CB /* Sources */,
				C0D199732396B9A6006303CB /* Frameworks */,
				C0D199742396B9A6006303CB /* Resources */,
			);
			buildRules = (
			);
			dependencies = (
				C0D199782396B9A6006303CB /* PBXTargetDependency */,
			);
			name = WordRollsTests;
			productName = WordRollsTests;
			productReference = C0D199762396B9A6006303CB /* WordRollsTests.xctest */;
			productType = "com.apple.product-type.bundle.unit-test";
		};
		C0D199802396B9A6006303CB /* WordRollsUITests */ = {
			isa = PBXNativeTarget;
			buildConfigurationList = C0D199902396B9A6006303CB /* Build configuration list for PBXNativeTarget "WordRollsUITests" */;
			buildPhases = (
				C0D1997D2396B9A6006303CB /* Sources */,
				C0D1997E2396B9A6006303CB /* Frameworks */,
				C0D1997F2396B9A6006303CB /* Resources */,
			);
			buildRules = (
			);
			dependencies = (
				C0D199832396B9A6006303CB /* PBXTargetDependency */,
			);
			name = WordRollsUITests;
			productName = WordRollsUITests;
			productReference = C0D199812396B9A6006303CB /* WordRollsUITests.xctest */;
			productType = "com.apple.product-type.bundle.ui-testing";
		};
/* End PBXNativeTarget section */

/* Begin PBXProject section */
		C0D1995C2396B9A5006303CB /* Project object */ = {
			isa = PBXProject;
			attributes = {
				LastSwiftUpdateCheck = 1110;
				LastUpgradeCheck = 1130;
				ORGANIZATIONNAME = sudeep;
				TargetAttributes = {
					C0D199632396B9A5006303CB = {
						CreatedOnToolsVersion = 11.1;
					};
					C0D199752396B9A6006303CB = {
						CreatedOnToolsVersion = 11.1;
						TestTargetID = C0D199632396B9A5006303CB;
					};
					C0D199802396B9A6006303CB = {
						CreatedOnToolsVersion = 11.1;
						TestTargetID = C0D199632396B9A5006303CB;
					};
				};
			};
			buildConfigurationList = C0D1995F2396B9A5006303CB /* Build configuration list for PBXProject "WordRolls" */;
			compatibilityVersion = "Xcode 9.3";
			developmentRegion = en;
			hasScannedForEncodings = 0;
			knownRegions = (
				en,
				Base,
			);
			mainGroup = C0D1995B2396B9A5006303CB;
			productRefGroup = C0D199652396B9A5006303CB /* Products */;
			projectDirPath = "";
			projectRoot = "";
			targets = (
				C0D199632396B9A5006303CB /* WordRolls */,
				C0D199752396B9A6006303CB /* WordRollsTests */,
				C0D199802396B9A6006303CB /* WordRollsUITests */,
			);
		};
/* End PBXProject section */

/* Begin PBXResourcesBuildPhase section */
		C0D199622396B9A5006303CB /* Resources */ = {
			isa = PBXResourcesBuildPhase;
			buildActionMask = 2147483647;
			files = (
				16176F5D23A41DB70000CD58 /* Proxima Nova Thin.ttf in Resources */,
				16176F5B23A41DB70000CD58 /* Assets.xcassets in Resources */,
				C0D1996F2396B9A6006303CB /* Main.storyboard in Resources */,
				16176F5C23A41DB70000CD58 /* Proxima Nova Alt Bold.ttf in Resources */,
				16176F5E23A41DB70000CD58 /* Proxima Nova Alt Regular.ttf in Resources */,
			);
			runOnlyForDeploymentPostprocessing = 0;
		};
		C0D199742396B9A6006303CB /* Resources */ = {
			isa = PBXResourcesBuildPhase;
			buildActionMask = 2147483647;
			files = (
			);
			runOnlyForDeploymentPostprocessing = 0;
		};
		C0D1997F2396B9A6006303CB /* Resources */ = {
			isa = PBXResourcesBuildPhase;
			buildActionMask = 2147483647;
			files = (
			);
			runOnlyForDeploymentPostprocessing = 0;
		};
/* End PBXResourcesBuildPhase section */

/* Begin PBXSourcesBuildPhase section */
		C0D199602396B9A5006303CB /* Sources */ = {
			isa = PBXSourcesBuildPhase;
			buildActionMask = 2147483647;
			files = (
				C0D1996A2396B9A5006303CB /* ViewController.swift in Sources */,
				C0D199682396B9A5006303CB /* AppDelegate.swift in Sources */,
			);
			runOnlyForDeploymentPostprocessing = 0;
		};
		C0D199722396B9A6006303CB /* Sources */ = {
			isa = PBXSourcesBuildPhase;
			buildActionMask = 2147483647;
			files = (
				C0D1997B2396B9A6006303CB /* WordRollsTests.swift in Sources */,
			);
			runOnlyForDeploymentPostprocessing = 0;
		};
		C0D1997D2396B9A6006303CB /* Sources */ = {
			isa = PBXSourcesBuildPhase;
			buildActionMask = 2147483647;
			files = (
				C0D199862396B9A6006303CB /* WordRollsUITests.swift in Sources */,
			);
			runOnlyForDeploymentPostprocessing = 0;
		};
/* End PBXSourcesBuildPhase section */

/* Begin PBXTargetDependency section */
		C0D199782396B9A6006303CB /* PBXTargetDependency */ = {
			isa = PBXTargetDependency;
			target = C0D199632396B9A5006303CB /* WordRolls */;
			targetProxy = C0D199772396B9A6006303CB /* PBXContainerItemProxy */;
		};
		C0D199832396B9A6006303CB /* PBXTargetDependency */ = {
			isa = PBXTargetDependency;
			target = C0D199632396B9A5006303CB /* WordRolls */;
			targetProxy = C0D199822396B9A6006303CB /* PBXContainerItemProxy */;
		};
/* End PBXTargetDependency section */

/* Begin PBXVariantGroup section */
		C0D1996D2396B9A6006303CB /* Main.storyboard */ = {
			isa = PBXVariantGroup;
			children = (
				C0D1996E2396B9A6006303CB /* Base */,
			);
			name = Main.storyboard;
			sourceTree = "<group>";
		};
/* End PBXVariantGroup section */

/* Begin XCBuildConfiguration section */
		C0D199882396B9A6006303CB /* Debug */ = {
			isa = XCBuildConfiguration;
			buildSettings = {
				ALWAYS_SEARCH_USER_PATHS = NO;
				CLANG_ANALYZER_NONNULL = YES;
				CLANG_ANALYZER_NUMBER_OBJECT_CONVERSION = YES_AGGRESSIVE;
				CLANG_CXX_LANGUAGE_STANDARD = "gnu++14";
				CLANG_CXX_LIBRARY = "libc++";
				CLANG_ENABLE_MODULES = YES;
				CLANG_ENABLE_OBJC_ARC = YES;
				CLANG_ENABLE_OBJC_WEAK = YES;
				CLANG_WARN_BLOCK_CAPTURE_AUTORELEASING = YES;
				CLANG_WARN_BOOL_CONVERSION = YES;
				CLANG_WARN_COMMA = YES;
				CLANG_WARN_CONSTANT_CONVERSION = YES;
				CLANG_WARN_DEPRECATED_OBJC_IMPLEMENTATIONS = YES;
				CLANG_WARN_DIRECT_OBJC_ISA_USAGE = YES_ERROR;
				CLANG_WARN_DOCUMENTATION_COMMENTS = YES;
				CLANG_WARN_EMPTY_BODY = YES;
				CLANG_WARN_ENUM_CONVERSION = YES;
				CLANG_WARN_INFINITE_RECURSION = YES;
				CLANG_WARN_INT_CONVERSION = YES;
				CLANG_WARN_NON_LITERAL_NULL_CONVERSION = YES;
				CLANG_WARN_OBJC_IMPLICIT_RETAIN_SELF = YES;
				CLANG_WARN_OBJC_LITERAL_CONVERSION = YES;
				CLANG_WARN_OBJC_ROOT_CLASS = YES_ERROR;
				CLANG_WARN_RANGE_LOOP_ANALYSIS = YES;
				CLANG_WARN_STRICT_PROTOTYPES = YES;
				CLANG_WARN_SUSPICIOUS_MOVE = YES;
				CLANG_WARN_UNGUARDED_AVAILABILITY = YES_AGGRESSIVE;
				CLANG_WARN_UNREACHABLE_CODE = YES;
				CLANG_WARN__DUPLICATE_METHOD_MATCH = YES;
				COPY_PHASE_STRIP = NO;
				DEBUG_INFORMATION_FORMAT = dwarf;
				ENABLE_STRICT_OBJC_MSGSEND = YES;
				ENABLE_TESTABILITY = YES;
				GCC_C_LANGUAGE_STANDARD = gnu11;
				GCC_DYNAMIC_NO_PIC = NO;
				GCC_NO_COMMON_BLOCKS = YES;
				GCC_OPTIMIZATION_LEVEL = 0;
				GCC_PREPROCESSOR_DEFINITIONS = (
					"DEBUG=1",
					"$(inherited)",
				);
				GCC_WARN_64_TO_32_BIT_CONVERSION = YES;
				GCC_WARN_ABOUT_RETURN_TYPE = YES_ERROR;
				GCC_WARN_UNDECLARED_SELECTOR = YES;
				GCC_WARN_UNINITIALIZED_AUTOS = YES_AGGRESSIVE;
				GCC_WARN_UNUSED_FUNCTION = YES;
				GCC_WARN_UNUSED_VARIABLE = YES;
				MACOSX_DEPLOYMENT_TARGET = 10.14;
				MTL_ENABLE_DEBUG_INFO = INCLUDE_SOURCE;
				MTL_FAST_MATH = YES;
				ONLY_ACTIVE_ARCH = YES;
				SDKROOT = macosx;
				SWIFT_ACTIVE_COMPILATION_CONDITIONS = DEBUG;
				SWIFT_OPTIMIZATION_LEVEL = "-Onone";
			};
			name = Debug;
		};
		C0D199892396B9A6006303CB /* Release */ = {
			isa = XCBuildConfiguration;
			buildSettings = {
				ALWAYS_SEARCH_USER_PATHS = NO;
				CLANG_ANALYZER_NONNULL = YES;
				CLANG_ANALYZER_NUMBER_OBJECT_CONVERSION = YES_AGGRESSIVE;
				CLANG_CXX_LANGUAGE_STANDARD = "gnu++14";
				CLANG_CXX_LIBRARY = "libc++";
				CLANG_ENABLE_MODULES = YES;
				CLANG_ENABLE_OBJC_ARC = YES;
				CLANG_ENABLE_OBJC_WEAK = YES;
				CLANG_WARN_BLOCK_CAPTURE_AUTORELEASING = YES;
				CLANG_WARN_BOOL_CONVERSION = YES;
				CLANG_WARN_COMMA = YES;
				CLANG_WARN_CONSTANT_CONVERSION = YES;
				CLANG_WARN_DEPRECATED_OBJC_IMPLEMENTATIONS = YES;
				CLANG_WARN_DIRECT_OBJC_ISA_USAGE = YES_ERROR;
				CLANG_WARN_DOCUMENTATION_COMMENTS = YES;
				CLANG_WARN_EMPTY_BODY = YES;
				CLANG_WARN_ENUM_CONVERSION = YES;
				CLANG_WARN_INFINITE_RECURSION = YES;
				CLANG_WARN_INT_CONVERSION = YES;
				CLANG_WARN_NON_LITERAL_NULL_CONVERSION = YES;
				CLANG_WARN_OBJC_IMPLICIT_RETAIN_SELF = YES;
				CLANG_WARN_OBJC_LITERAL_CONVERSION = YES;
				CLANG_WARN_OBJC_ROOT_CLASS = YES_ERROR;
				CLANG_WARN_RANGE_LOOP_ANALYSIS = YES;
				CLANG_WARN_STRICT_PROTOTYPES = YES;
				CLANG_WARN_SUSPICIOUS_MOVE = YES;
				CLANG_WARN_UNGUARDED_AVAILABILITY = YES_AGGRESSIVE;
				CLANG_WARN_UNREACHABLE_CODE = YES;
				CLANG_WARN__DUPLICATE_METHOD_MATCH = YES;
				COPY_PHASE_STRIP = NO;
				DEBUG_INFORMATION_FORMAT = "dwarf-with-dsym";
				ENABLE_NS_ASSERTIONS = NO;
				ENABLE_STRICT_OBJC_MSGSEND = YES;
				GCC_C_LANGUAGE_STANDARD = gnu11;
				GCC_NO_COMMON_BLOCKS = YES;
				GCC_WARN_64_TO_32_BIT_CONVERSION = YES;
				GCC_WARN_ABOUT_RETURN_TYPE = YES_ERROR;
				GCC_WARN_UNDECLARED_SELECTOR = YES;
				GCC_WARN_UNINITIALIZED_AUTOS = YES_AGGRESSIVE;
				GCC_WARN_UNUSED_FUNCTION = YES;
				GCC_WARN_UNUSED_VARIABLE = YES;
				MACOSX_DEPLOYMENT_TARGET = 10.14;
				MTL_ENABLE_DEBUG_INFO = NO;
				MTL_FAST_MATH = YES;
				SDKROOT = macosx;
				SWIFT_COMPILATION_MODE = wholemodule;
				SWIFT_OPTIMIZATION_LEVEL = "-O";
			};
			name = Release;
		};
		C0D1998B2396B9A6006303CB /* Debug */ = {
			isa = XCBuildConfiguration;
			buildSettings = {
				ASSETCATALOG_COMPILER_APPICON_NAME = AppIcon;
				CODE_SIGN_ENTITLEMENTS = "WordRolls/Supporting FIles/WordRolls.entitlements";
				CODE_SIGN_IDENTITY = "-";
				CODE_SIGN_STYLE = Automatic;
				COMBINE_HIDPI_IMAGES = YES;
				DEVELOPMENT_TEAM = "";
				ENABLE_HARDENED_RUNTIME = YES;
				INFOPLIST_FILE = "WordRolls/Supporting FIles/Info.plist";
				LD_RUNPATH_SEARCH_PATHS = (
					"$(inherited)",
					"@executable_path/../Frameworks",
				);
				PRODUCT_BUNDLE_IDENTIFIER = com.sudeep.WordRolls;
				PRODUCT_NAME = "$(TARGET_NAME)";
				SWIFT_VERSION = 5.0;
			};
			name = Debug;
		};
		C0D1998C2396B9A6006303CB /* Release */ = {
			isa = XCBuildConfiguration;
			buildSettings = {
				ASSETCATALOG_COMPILER_APPICON_NAME = AppIcon;
				CODE_SIGN_ENTITLEMENTS = "WordRolls/Supporting FIles/WordRolls.entitlements";
				CODE_SIGN_IDENTITY = "-";
				CODE_SIGN_STYLE = Automatic;
				COMBINE_HIDPI_IMAGES = YES;
				DEVELOPMENT_TEAM = 7YS5RNNL56;
				ENABLE_HARDENED_RUNTIME = YES;
				INFOPLIST_FILE = "WordRolls/Supporting FIles/Info.plist";
				LD_RUNPATH_SEARCH_PATHS = (
					"$(inherited)",
					"@executable_path/../Frameworks",
				);
				PRODUCT_BUNDLE_IDENTIFIER = com.sudeep.WordRolls;
				PRODUCT_NAME = "$(TARGET_NAME)";
				SWIFT_VERSION = 5.0;
			};
			name = Release;
		};
		C0D1998E2396B9A6006303CB /* Debug */ = {
			isa = XCBuildConfiguration;
			buildSettings = {
				ALWAYS_EMBED_SWIFT_STANDARD_LIBRARIES = YES;
				BUNDLE_LOADER = "$(TEST_HOST)";
				CODE_SIGN_STYLE = Automatic;
				COMBINE_HIDPI_IMAGES = YES;
				DEVELOPMENT_TEAM = FU4UV7K2X8;
				INFOPLIST_FILE = WordRollsTests/Info.plist;
				LD_RUNPATH_SEARCH_PATHS = (
					"$(inherited)",
					"@executable_path/../Frameworks",
					"@loader_path/../Frameworks",
				);
				MACOSX_DEPLOYMENT_TARGET = 10.14;
				PRODUCT_BUNDLE_IDENTIFIER = com.sudeep.WordRollsTests;
				PRODUCT_NAME = "$(TARGET_NAME)";
				SWIFT_VERSION = 5.0;
				TEST_HOST = "$(BUILT_PRODUCTS_DIR)/WordRolls.app/Contents/MacOS/WordRolls";
			};
			name = Debug;
		};
		C0D1998F2396B9A6006303CB /* Release */ = {
			isa = XCBuildConfiguration;
			buildSettings = {
				ALWAYS_EMBED_SWIFT_STANDARD_LIBRARIES = YES;
				BUNDLE_LOADER = "$(TEST_HOST)";
				CODE_SIGN_STYLE = Automatic;
				COMBINE_HIDPI_IMAGES = YES;
				DEVELOPMENT_TEAM = FU4UV7K2X8;
				INFOPLIST_FILE = WordRollsTests/Info.plist;
				LD_RUNPATH_SEARCH_PATHS = (
					"$(inherited)",
					"@executable_path/../Frameworks",
					"@loader_path/../Frameworks",
				);
				MACOSX_DEPLOYMENT_TARGET = 10.14;
				PRODUCT_BUNDLE_IDENTIFIER = com.sudeep.WordRollsTests;
				PRODUCT_NAME = "$(TARGET_NAME)";
				SWIFT_VERSION = 5.0;
				TEST_HOST = "$(BUILT_PRODUCTS_DIR)/WordRolls.app/Contents/MacOS/WordRolls";
			};
			name = Release;
		};
		C0D199912396B9A6006303CB /* Debug */ = {
			isa = XCBuildConfiguration;
			buildSettings = {
				ALWAYS_EMBED_SWIFT_STANDARD_LIBRARIES = YES;
				CODE_SIGN_STYLE = Automatic;
				COMBINE_HIDPI_IMAGES = YES;
				DEVELOPMENT_TEAM = FU4UV7K2X8;
				INFOPLIST_FILE = WordRollsUITests/Info.plist;
				LD_RUNPATH_SEARCH_PATHS = (
					"$(inherited)",
					"@executable_path/../Frameworks",
					"@loader_path/../Frameworks",
				);
				PRODUCT_BUNDLE_IDENTIFIER = com.sudeep.WordRollsUITests;
				PRODUCT_NAME = "$(TARGET_NAME)";
				SWIFT_VERSION = 5.0;
				TEST_TARGET_NAME = WordRolls;
			};
			name = Debug;
		};
		C0D199922396B9A6006303CB /* Release */ = {
			isa = XCBuildConfiguration;
			buildSettings = {
				ALWAYS_EMBED_SWIFT_STANDARD_LIBRARIES = YES;
				CODE_SIGN_STYLE = Automatic;
				COMBINE_HIDPI_IMAGES = YES;
				DEVELOPMENT_TEAM = FU4UV7K2X8;
				INFOPLIST_FILE = WordRollsUITests/Info.plist;
				LD_RUNPATH_SEARCH_PATHS = (
					"$(inherited)",
					"@executable_path/../Frameworks",
					"@loader_path/../Frameworks",
				);
				PRODUCT_BUNDLE_IDENTIFIER = com.sudeep.WordRollsUITests;
				PRODUCT_NAME = "$(TARGET_NAME)";
				SWIFT_VERSION = 5.0;
				TEST_TARGET_NAME = WordRolls;
			};
			name = Release;
		};
/* End XCBuildConfiguration section */

/* Begin XCConfigurationList section */
		C0D1995F2396B9A5006303CB /* Build configuration list for PBXProject "WordRolls" */ = {
			isa = XCConfigurationList;
			buildConfigurations = (
				C0D199882396B9A6006303CB /* Debug */,
				C0D199892396B9A6006303CB /* Release */,
			);
			defaultConfigurationIsVisible = 0;
			defaultConfigurationName = Release;
		};
		C0D1998A2396B9A6006303CB /* Build configuration list for PBXNativeTarget "WordRolls" */ = {
			isa = XCConfigurationList;
			buildConfigurations = (
				C0D1998B2396B9A6006303CB /* Debug */,
				C0D1998C2396B9A6006303CB /* Release */,
			);
			defaultConfigurationIsVisible = 0;
			defaultConfigurationName = Release;
		};
		C0D1998D2396B9A6006303CB /* Build configuration list for PBXNativeTarget "WordRollsTests" */ = {
			isa = XCConfigurationList;
			buildConfigurations = (
				C0D1998E2396B9A6006303CB /* Debug */,
				C0D1998F2396B9A6006303CB /* Release */,
			);
			defaultConfigurationIsVisible = 0;
			defaultConfigurationName = Release;
		};
		C0D199902396B9A6006303CB /* Build configuration list for PBXNativeTarget "WordRollsUITests" */ = {
			isa = XCConfigurationList;
			buildConfigurations = (
				C0D199912396B9A6006303CB /* Debug */,
				C0D199922396B9A6006303CB /* Release */,
			);
			defaultConfigurationIsVisible = 0;
			defaultConfigurationName = Release;
		};
/* End XCConfigurationList section */
	};
	rootObject = C0D1995C2396B9A5006303CB /* Project object */;
}
